
Microsoft Visual Studio Solution File, Format Version 12.00
# Visual Studio Version 16
VisualStudioVersion = 16.0.32428.217
MinimumVisualStudioVersion = 10.0.40219.1
Project("{888888A0-9F3D-457C-B088-3A5042F75D52}") = "Chef", "Chef\Chef.pyproj", "{DC5E84BE-B07C-41DE-813E-7B40736E86DD}"
EndProject
Global
	GlobalSection(SolutionConfigurationPlatforms) = preSolution
		Debug|Any CPU = Debug|Any CPU
		Release|Any CPU = Release|Any CPU
	EndGlobalSection
	GlobalSection(ProjectConfigurationPlatforms) = postSolution
		{DC5E84BE-B07C-41DE-813E-7B40736E86DD}.Debug|Any CPU.ActiveCfg = Debug|Any CPU
		{DC5E84BE-B07C-41DE-813E-7B40736E86DD}.Release|Any CPU.ActiveCfg = Release|Any CPU
	EndGlobalSection
	GlobalSection(SolutionProperties) = preSolution
		HideSolutionNode = FALSE
	EndGlobalSection
	GlobalSection(ExtensibilityGlobals) = postSolution
		SolutionGuid = {BA556D75-C575-493E-A101-B8F753ABF415}
	EndGlobalSection
EndGlobal
